
Microsoft Visual Studio Solution File, Format Version 12.00
# Visual Studio Version 16
VisualStudioVersion = 16.0.31105.61
MinimumVisualStudioVersion = 10.0.40219.1
Project("{FAE04EC0-301F-11D3-BF4B-00C04F79EFBC}") = "MyClasses", "MyClasses\MyClasses.csproj", "{8CF1E5CF-5378-4CD3-A351-A63ED9AD1C38}"
EndProject
Project("{FAE04EC0-301F-11D3-BF4B-00C04F79EFBC}") = "MyClassesTest", "MzClassesTest\MyClassesTest.csproj", "{ADDE59D6-8461-4A70-823C-CDA88EA4FD8E}"
EndProject
Global
	GlobalSection(SolutionConfigurationPlatforms) = preSolution
		Debug|Any CPU = Debug|Any CPU
		Release|Any CPU = Release|Any CPU
	EndGlobalSection
	GlobalSection(ProjectConfigurationPlatforms) = postSolution
		{8CF1E5CF-5378-4CD3-A351-A63ED9AD1C38}.Debug|Any CPU.ActiveCfg = Debug|Any CPU
		{8CF1E5CF-5378-4CD3-A351-A63ED9AD1C38}.Debug|Any CPU.Build.0 = Debug|Any CPU
		{8CF1E5CF-5378-4CD3-A351-A63ED9AD1C38}.Release|Any CPU.ActiveCfg = Release|Any CPU
		{8CF1E5CF-5378-4CD3-A351-A63ED9AD1C38}.Release|Any CPU.Build.0 = Release|Any CPU
		{ADDE59D6-8461-4A70-823C-CDA88EA4FD8E}.Debug|Any CPU.ActiveCfg = Debug|Any CPU
		{ADDE59D6-8461-4A70-823C-CDA88EA4FD8E}.Debug|Any CPU.Build.0 = Debug|Any CPU
		{ADDE59D6-8461-4A70-823C-CDA88EA4FD8E}.Release|Any CPU.ActiveCfg = Release|Any CPU
		{ADDE59D6-8461-4A70-823C-CDA88EA4FD8E}.Release|Any CPU.Build.0 = Release|Any CPU
	EndGlobalSection
	GlobalSection(SolutionProperties) = preSolution
		HideSolutionNode = FALSE
	EndGlobalSection
	GlobalSection(ExtensibilityGlobals) = postSolution
		SolutionGuid = {75580D06-ECE2-4C23-A5CF-1019B712BB13}
	EndGlobalSection
EndGlobal
